
Microsoft Visual Studio Solution File, Format Version 12.00
# Visual Studio Version 17
VisualStudioVersion = 17.1.31903.286
MinimumVisualStudioVersion = 10.0.40219.1
Project("{2150E333-8FDC-42A3-9474-1A3956D46DE8}") = "Modules", "Modules", "{86CBE2AC-9D3C-405F-A0B5-7824CC1A9242}"
EndProject
Project("{2150E333-8FDC-42A3-9474-1A3956D46DE8}") = "Start", "Start", "{3DD9C7C0-0F0D-48A8-90BD-0B1A00A7E574}"
EndProject
Project("{2150E333-8FDC-42A3-9474-1A3956D46DE8}") = "Common", "Common", "{CA6D7B1F-96FF-47C8-9EC9-5936465B7DFB}"
EndProject
Project("{9A19103F-16F7-4668-BE54-9A1E7A4F7556}") = "AppCommonModule", "Modules\Common\AppCommonModule.csproj", "{1A7F8302-8CF0-4E86-9CD9-49116BF4A681}"
EndProject
Project("{2150E333-8FDC-42A3-9474-1A3956D46DE8}") = "Demo", "Demo", "{2F4365A7-C0BE-4AB7-A4CB-39FC2881DC8C}"
EndProject
Project("{9A19103F-16F7-4668-BE54-9A1E7A4F7556}") = "Demo", "Modules\Demo\Demo\Demo.csproj", "{7F513363-8408-4344-8026-8B143D188E5B}"
EndProject
Project("{2150E333-8FDC-42A3-9474-1A3956D46DE8}") = "Settings", "Settings", "{7E517208-881A-40F4-80E3-55306E39EED6}"
EndProject
Project("{9A19103F-16F7-4668-BE54-9A1E7A4F7556}") = "SettingsUI", "Modules\Settings\SettingsUI\SettingsUI.csproj", "{8CC7B4DF-EE8A-40BE-8B06-AE44A67F7E9A}"
EndProject
Project("{2150E333-8FDC-42A3-9474-1A3956D46DE8}") = "User", "User", "{0A57A83C-0FE2-46DE-9CDA-4AC4DD771B85}"
EndProject
Project("{9A19103F-16F7-4668-BE54-9A1E7A4F7556}") = "UserUI", "Modules\User\UserUI\UserUI.csproj", "{45730BFE-88B5-4814-A4C9-45F57B2791B6}"
EndProject
Project("{2150E333-8FDC-42A3-9474-1A3956D46DE8}") = "Lib", "Lib", "{0FC61825-5E9C-4A40-94FA-E034D565B850}"
EndProject
Project("{9A19103F-16F7-4668-BE54-9A1E7A4F7556}") = "App.Common", "Lib\App.Common\App.Common.csproj", "{97BB2617-D329-41D6-B822-7E7CF2AD57D8}"
EndProject
Project("{9A19103F-16F7-4668-BE54-9A1E7A4F7556}") = "User.Core", "Modules\User\User.Core\User.Core.csproj", "{D553C601-06E1-46DB-9A97-A380CA196EB4}"
EndProject
Project("{2150E333-8FDC-42A3-9474-1A3956D46DE8}") = "Help", "Help", "{0D7367D7-2BC7-4EE1-9E3B-64E5406739C1}"
EndProject
Project("{9A19103F-16F7-4668-BE54-9A1E7A4F7556}") = "HelpUI", "Modules\Help\HelpUI\HelpUI.csproj", "{FA1922BF-692C-4C40-9A6D-FC48C468235C}"
EndProject
Project("{2150E333-8FDC-42A3-9474-1A3956D46DE8}") = "Home", "Home", "{9604DB5E-7E4B-4F83-8D28-62C33261CF82}"
EndProject
Project("{9A19103F-16F7-4668-BE54-9A1E7A4F7556}") = "HomeUI", "Modules\Home\HomeUI\HomeUI.csproj", "{64A0654C-BF18-4BD4-B5EB-84A3957D6704}"
EndProject
Project("{9A19103F-16F7-4668-BE54-9A1E7A4F7556}") = "SmartTools", "SmartTools\SmartTools.csproj", "{FD143AA0-75A0-4530-85AC-AB773FFD8687}"
EndProject
Project("{2150E333-8FDC-42A3-9474-1A3956D46DE8}") = "RemoteControl", "RemoteControl", "{08B0A626-FBAA-45E0-9968-54CF318AFEC7}"
EndProject
Project("{9A19103F-16F7-4668-BE54-9A1E7A4F7556}") = "RemoteControlUI", "Modules\RemoteControl\RemoteControlUI\RemoteControlUI.csproj", "{BAA07382-D0DB-432D-8E90-73F79B84B60B}"
EndProject
Project("{9A19103F-16F7-4668-BE54-9A1E7A4F7556}") = "RemoteControlCore", "Modules\RemoteControl\RemoteControlCore\RemoteControlCore.csproj", "{3570E420-3864-4984-A5DA-A5EBEA2F4DFD}"
EndProject
Project("{9A19103F-16F7-4668-BE54-9A1E7A4F7556}") = "RDP", "Modules\RemoteControl\Rdp\RDP.csproj", "{14D64140-B3F9-4157-A678-8B9E2799C617}"
EndProject
Project("{2150E333-8FDC-42A3-9474-1A3956D46DE8}") = "NetAnywhere", "NetAnywhere", "{EFE98761-8483-4298-884B-DF96FED65A56}"
EndProject
Project("{9A19103F-16F7-4668-BE54-9A1E7A4F7556}") = "NetAnywhereUI", "Modules\NetAnywhere\NetAnywhereUI\NetAnywhereUI.csproj", "{4029499A-CE20-41B0-97E7-71539F0B8880}"
EndProject
Project("{2150E333-8FDC-42A3-9474-1A3956D46DE8}") = "Update", "Update", "{5A44AEDC-A9CB-4173-B884-6297270CA156}"
EndProject
Project("{FAE04EC0-301F-11D3-BF4B-00C04F79EFBC}") = "Update", "Update\Update\Update.csproj", "{8AF3E75B-113E-4E8F-8CB7-CCBF92AB4DA6}"
EndProject
Global
	GlobalSection(SolutionConfigurationPlatforms) = preSolution
		Debug|Any CPU = Debug|Any CPU
		Release|Any CPU = Release|Any CPU
	EndGlobalSection
	GlobalSection(ProjectConfigurationPlatforms) = postSolution
		{1A7F8302-8CF0-4E86-9CD9-49116BF4A681}.Debug|Any CPU.ActiveCfg = Debug|Any CPU
		{1A7F8302-8CF0-4E86-9CD9-49116BF4A681}.Debug|Any CPU.Build.0 = Debug|Any CPU
		{1A7F8302-8CF0-4E86-9CD9-49116BF4A681}.Release|Any CPU.ActiveCfg = Release|Any CPU
		{1A7F8302-8CF0-4E86-9CD9-49116BF4A681}.Release|Any CPU.Build.0 = Release|Any CPU
		{7F513363-8408-4344-8026-8B143D188E5B}.Debug|Any CPU.ActiveCfg = Debug|Any CPU
		{7F513363-8408-4344-8026-8B143D188E5B}.Debug|Any CPU.Build.0 = Debug|Any CPU
		{7F513363-8408-4344-8026-8B143D188E5B}.Release|Any CPU.ActiveCfg = Release|Any CPU
		{7F513363-8408-4344-8026-8B143D188E5B}.Release|Any CPU.Build.0 = Release|Any CPU
		{8CC7B4DF-EE8A-40BE-8B06-AE44A67F7E9A}.Debug|Any CPU.ActiveCfg = Debug|Any CPU
		{8CC7B4DF-EE8A-40BE-8B06-AE44A67F7E9A}.Debug|Any CPU.Build.0 = Debug|Any CPU
		{8CC7B4DF-EE8A-40BE-8B06-AE44A67F7E9A}.Release|Any CPU.ActiveCfg = Release|Any CPU
		{8CC7B4DF-EE8A-40BE-8B06-AE44A67F7E9A}.Release|Any CPU.Build.0 = Release|Any CPU
		{45730BFE-88B5-4814-A4C9-45F57B2791B6}.Debug|Any CPU.ActiveCfg = Debug|Any CPU
		{45730BFE-88B5-4814-A4C9-45F57B2791B6}.Debug|Any CPU.Build.0 = Debug|Any CPU
		{45730BFE-88B5-4814-A4C9-45F57B2791B6}.Release|Any CPU.ActiveCfg = Release|Any CPU
		{45730BFE-88B5-4814-A4C9-45F57B2791B6}.Release|Any CPU.Build.0 = Release|Any CPU
		{97BB2617-D329-41D6-B822-7E7CF2AD57D8}.Debug|Any CPU.ActiveCfg = Debug|Any CPU
		{97BB2617-D329-41D6-B822-7E7CF2AD57D8}.Debug|Any CPU.Build.0 = Debug|Any CPU
		{97BB2617-D329-41D6-B822-7E7CF2AD57D8}.Release|Any CPU.ActiveCfg = Release|Any CPU
		{97BB2617-D329-41D6-B822-7E7CF2AD57D8}.Release|Any CPU.Build.0 = Release|Any CPU
		{D553C601-06E1-46DB-9A97-A380CA196EB4}.Debug|Any CPU.ActiveCfg = Debug|Any CPU
		{D553C601-06E1-46DB-9A97-A380CA196EB4}.Debug|Any CPU.Build.0 = Debug|Any CPU
		{D553C601-06E1-46DB-9A97-A380CA196EB4}.Release|Any CPU.ActiveCfg = Release|Any CPU
		{D553C601-06E1-46DB-9A97-A380CA196EB4}.Release|Any CPU.Build.0 = Release|Any CPU
		{FA1922BF-692C-4C40-9A6D-FC48C468235C}.Debug|Any CPU.ActiveCfg = Debug|Any CPU
		{FA1922BF-692C-4C40-9A6D-FC48C468235C}.Debug|Any CPU.Build.0 = Debug|Any CPU
		{FA1922BF-692C-4C40-9A6D-FC48C468235C}.Release|Any CPU.ActiveCfg = Release|Any CPU
		{FA1922BF-692C-4C40-9A6D-FC48C468235C}.Release|Any CPU.Build.0 = Release|Any CPU
		{64A0654C-BF18-4BD4-B5EB-84A3957D6704}.Debug|Any CPU.ActiveCfg = Debug|Any CPU
		{64A0654C-BF18-4BD4-B5EB-84A3957D6704}.Debug|Any CPU.Build.0 = Debug|Any CPU
		{64A0654C-BF18-4BD4-B5EB-84A3957D6704}.Release|Any CPU.ActiveCfg = Release|Any CPU
		{64A0654C-BF18-4BD4-B5EB-84A3957D6704}.Release|Any CPU.Build.0 = Release|Any CPU
		{FD143AA0-75A0-4530-85AC-AB773FFD8687}.Debug|Any CPU.ActiveCfg = Debug|Any CPU
		{FD143AA0-75A0-4530-85AC-AB773FFD8687}.Debug|Any CPU.Build.0 = Debug|Any CPU
		{FD143AA0-75A0-4530-85AC-AB773FFD8687}.Release|Any CPU.ActiveCfg = Release|Any CPU
		{FD143AA0-75A0-4530-85AC-AB773FFD8687}.Release|Any CPU.Build.0 = Release|Any CPU
		{BAA07382-D0DB-432D-8E90-73F79B84B60B}.Debug|Any CPU.ActiveCfg = Debug|Any CPU
		{BAA07382-D0DB-432D-8E90-73F79B84B60B}.Debug|Any CPU.Build.0 = Debug|Any CPU
		{BAA07382-D0DB-432D-8E90-73F79B84B60B}.Release|Any CPU.ActiveCfg = Release|Any CPU
		{BAA07382-D0DB-432D-8E90-73F79B84B60B}.Release|Any CPU.Build.0 = Release|Any CPU
		{3570E420-3864-4984-A5DA-A5EBEA2F4DFD}.Debug|Any CPU.ActiveCfg = Debug|Any CPU
		{3570E420-3864-4984-A5DA-A5EBEA2F4DFD}.Debug|Any CPU.Build.0 = Debug|Any CPU
		{3570E420-3864-4984-A5DA-A5EBEA2F4DFD}.Release|Any CPU.ActiveCfg = Release|Any CPU
		{3570E420-3864-4984-A5DA-A5EBEA2F4DFD}.Release|Any CPU.Build.0 = Release|Any CPU
		{14D64140-B3F9-4157-A678-8B9E2799C617}.Debug|Any CPU.ActiveCfg = Debug|Any CPU
		{14D64140-B3F9-4157-A678-8B9E2799C617}.Debug|Any CPU.Build.0 = Debug|Any CPU
		{14D64140-B3F9-4157-A678-8B9E2799C617}.Release|Any CPU.ActiveCfg = Release|Any CPU
		{14D64140-B3F9-4157-A678-8B9E2799C617}.Release|Any CPU.Build.0 = Release|Any CPU
		{4029499A-CE20-41B0-97E7-71539F0B8880}.Debug|Any CPU.ActiveCfg = Debug|Any CPU
		{4029499A-CE20-41B0-97E7-71539F0B8880}.Debug|Any CPU.Build.0 = Debug|Any CPU
		{4029499A-CE20-41B0-97E7-71539F0B8880}.Release|Any CPU.ActiveCfg = Release|Any CPU
		{4029499A-CE20-41B0-97E7-71539F0B8880}.Release|Any CPU.Build.0 = Release|Any CPU
		{8AF3E75B-113E-4E8F-8CB7-CCBF92AB4DA6}.Debug|Any CPU.ActiveCfg = Debug|Any CPU
		{8AF3E75B-113E-4E8F-8CB7-CCBF92AB4DA6}.Debug|Any CPU.Build.0 = Debug|Any CPU
		{8AF3E75B-113E-4E8F-8CB7-CCBF92AB4DA6}.Release|Any CPU.ActiveCfg = Release|Any CPU
		{8AF3E75B-113E-4E8F-8CB7-CCBF92AB4DA6}.Release|Any CPU.Build.0 = Release|Any CPU
	EndGlobalSection
	GlobalSection(SolutionProperties) = preSolution
		HideSolutionNode = FALSE
	EndGlobalSection
	GlobalSection(NestedProjects) = preSolution
		{CA6D7B1F-96FF-47C8-9EC9-5936465B7DFB} = {86CBE2AC-9D3C-405F-A0B5-7824CC1A9242}
		{1A7F8302-8CF0-4E86-9CD9-49116BF4A681} = {CA6D7B1F-96FF-47C8-9EC9-5936465B7DFB}
		{2F4365A7-C0BE-4AB7-A4CB-39FC2881DC8C} = {86CBE2AC-9D3C-405F-A0B5-7824CC1A9242}
		{7F513363-8408-4344-8026-8B143D188E5B} = {2F4365A7-C0BE-4AB7-A4CB-39FC2881DC8C}
		{7E517208-881A-40F4-80E3-55306E39EED6} = {86CBE2AC-9D3C-405F-A0B5-7824CC1A9242}
		{8CC7B4DF-EE8A-40BE-8B06-AE44A67F7E9A} = {7E517208-881A-40F4-80E3-55306E39EED6}
		{0A57A83C-0FE2-46DE-9CDA-4AC4DD771B85} = {86CBE2AC-9D3C-405F-A0B5-7824CC1A9242}
		{45730BFE-88B5-4814-A4C9-45F57B2791B6} = {0A57A83C-0FE2-46DE-9CDA-4AC4DD771B85}
		{97BB2617-D329-41D6-B822-7E7CF2AD57D8} = {0FC61825-5E9C-4A40-94FA-E034D565B850}
		{D553C601-06E1-46DB-9A97-A380CA196EB4} = {0A57A83C-0FE2-46DE-9CDA-4AC4DD771B85}
		{0D7367D7-2BC7-4EE1-9E3B-64E5406739C1} = {86CBE2AC-9D3C-405F-A0B5-7824CC1A9242}
		{FA1922BF-692C-4C40-9A6D-FC48C468235C} = {0D7367D7-2BC7-4EE1-9E3B-64E5406739C1}
		{9604DB5E-7E4B-4F83-8D28-62C33261CF82} = {86CBE2AC-9D3C-405F-A0B5-7824CC1A9242}
		{64A0654C-BF18-4BD4-B5EB-84A3957D6704} = {9604DB5E-7E4B-4F83-8D28-62C33261CF82}
		{FD143AA0-75A0-4530-85AC-AB773FFD8687} = {3DD9C7C0-0F0D-48A8-90BD-0B1A00A7E574}
		{08B0A626-FBAA-45E0-9968-54CF318AFEC7} = {86CBE2AC-9D3C-405F-A0B5-7824CC1A9242}
		{BAA07382-D0DB-432D-8E90-73F79B84B60B} = {08B0A626-FBAA-45E0-9968-54CF318AFEC7}
		{3570E420-3864-4984-A5DA-A5EBEA2F4DFD} = {08B0A626-FBAA-45E0-9968-54CF318AFEC7}
		{14D64140-B3F9-4157-A678-8B9E2799C617} = {08B0A626-FBAA-45E0-9968-54CF318AFEC7}
		{EFE98761-8483-4298-884B-DF96FED65A56} = {86CBE2AC-9D3C-405F-A0B5-7824CC1A9242}
		{4029499A-CE20-41B0-97E7-71539F0B8880} = {EFE98761-8483-4298-884B-DF96FED65A56}
		{8AF3E75B-113E-4E8F-8CB7-CCBF92AB4DA6} = {5A44AEDC-A9CB-4173-B884-6297270CA156}
	EndGlobalSection
	GlobalSection(ExtensibilityGlobals) = postSolution
		SolutionGuid = {4F4C46E9-F12D-4B30-ADFA-0145BED7B510}
	EndGlobalSection
EndGlobal
