
Microsoft Visual Studio Solution File, Format Version 12.00
# Visual Studio Version 17
VisualStudioVersion = 17.1.31903.286
MinimumVisualStudioVersion = 10.0.40219.1
Project("{9A19103F-16F7-4668-BE54-9A1E7A4F7556}") = "SmartToolsDotNet", "SmartToolsDotNet\SmartToolsDotNet.csproj", "{A7DE30B6-A2EE-4AEE-BF27-CB9F8E5B3821}"
EndProject
Project("{2150E333-8FDC-42A3-9474-1A3956D46DE8}") = "Modules", "Modules", "{86CBE2AC-9D3C-405F-A0B5-7824CC1A9242}"
EndProject
Project("{2150E333-8FDC-42A3-9474-1A3956D46DE8}") = "Start", "Start", "{3DD9C7C0-0F0D-48A8-90BD-0B1A00A7E574}"
EndProject
Project("{2150E333-8FDC-42A3-9474-1A3956D46DE8}") = "Common", "Common", "{CA6D7B1F-96FF-47C8-9EC9-5936465B7DFB}"
EndProject
Project("{2150E333-8FDC-42A3-9474-1A3956D46DE8}") = "CodeLess", "CodeLess", "{EF5580C3-BA08-4876-A824-E0FEFC748EEE}"
EndProject
Project("{9A19103F-16F7-4668-BE54-9A1E7A4F7556}") = "Codeless.Core", "Modules\Codeless\Codeless.Core\Codeless.Core.csproj", "{B88B8F5E-F190-4838-991A-FD679E6B8709}"
EndProject
Project("{9A19103F-16F7-4668-BE54-9A1E7A4F7556}") = "CodelessUI", "Modules\Codeless\Codeless.UI\CodelessUI.csproj", "{1E788DA0-7DA2-40AE-84EC-7BAF93CCDE20}"
EndProject
Project("{9A19103F-16F7-4668-BE54-9A1E7A4F7556}") = "CommonModule", "Modules\Common\CommonModule.csproj", "{1A7F8302-8CF0-4E86-9CD9-49116BF4A681}"
EndProject
Global
	GlobalSection(SolutionConfigurationPlatforms) = preSolution
		Debug|Any CPU = Debug|Any CPU
		Release|Any CPU = Release|Any CPU
	EndGlobalSection
	GlobalSection(ProjectConfigurationPlatforms) = postSolution
		{A7DE30B6-A2EE-4AEE-BF27-CB9F8E5B3821}.Debug|Any CPU.ActiveCfg = Debug|Any CPU
		{A7DE30B6-A2EE-4AEE-BF27-CB9F8E5B3821}.Debug|Any CPU.Build.0 = Debug|Any CPU
		{A7DE30B6-A2EE-4AEE-BF27-CB9F8E5B3821}.Release|Any CPU.ActiveCfg = Release|Any CPU
		{A7DE30B6-A2EE-4AEE-BF27-CB9F8E5B3821}.Release|Any CPU.Build.0 = Release|Any CPU
		{B88B8F5E-F190-4838-991A-FD679E6B8709}.Debug|Any CPU.ActiveCfg = Debug|Any CPU
		{B88B8F5E-F190-4838-991A-FD679E6B8709}.Debug|Any CPU.Build.0 = Debug|Any CPU
		{B88B8F5E-F190-4838-991A-FD679E6B8709}.Release|Any CPU.ActiveCfg = Release|Any CPU
		{B88B8F5E-F190-4838-991A-FD679E6B8709}.Release|Any CPU.Build.0 = Release|Any CPU
		{1E788DA0-7DA2-40AE-84EC-7BAF93CCDE20}.Debug|Any CPU.ActiveCfg = Debug|Any CPU
		{1E788DA0-7DA2-40AE-84EC-7BAF93CCDE20}.Debug|Any CPU.Build.0 = Debug|Any CPU
		{1E788DA0-7DA2-40AE-84EC-7BAF93CCDE20}.Release|Any CPU.ActiveCfg = Release|Any CPU
		{1E788DA0-7DA2-40AE-84EC-7BAF93CCDE20}.Release|Any CPU.Build.0 = Release|Any CPU
		{1A7F8302-8CF0-4E86-9CD9-49116BF4A681}.Debug|Any CPU.ActiveCfg = Debug|Any CPU
		{1A7F8302-8CF0-4E86-9CD9-49116BF4A681}.Debug|Any CPU.Build.0 = Debug|Any CPU
		{1A7F8302-8CF0-4E86-9CD9-49116BF4A681}.Release|Any CPU.ActiveCfg = Release|Any CPU
		{1A7F8302-8CF0-4E86-9CD9-49116BF4A681}.Release|Any CPU.Build.0 = Release|Any CPU
	EndGlobalSection
	GlobalSection(SolutionProperties) = preSolution
		HideSolutionNode = FALSE
	EndGlobalSection
	GlobalSection(NestedProjects) = preSolution
		{A7DE30B6-A2EE-4AEE-BF27-CB9F8E5B3821} = {3DD9C7C0-0F0D-48A8-90BD-0B1A00A7E574}
		{CA6D7B1F-96FF-47C8-9EC9-5936465B7DFB} = {86CBE2AC-9D3C-405F-A0B5-7824CC1A9242}
		{EF5580C3-BA08-4876-A824-E0FEFC748EEE} = {86CBE2AC-9D3C-405F-A0B5-7824CC1A9242}
		{B88B8F5E-F190-4838-991A-FD679E6B8709} = {EF5580C3-BA08-4876-A824-E0FEFC748EEE}
		{1E788DA0-7DA2-40AE-84EC-7BAF93CCDE20} = {EF5580C3-BA08-4876-A824-E0FEFC748EEE}
		{1A7F8302-8CF0-4E86-9CD9-49116BF4A681} = {CA6D7B1F-96FF-47C8-9EC9-5936465B7DFB}
	EndGlobalSection
	GlobalSection(ExtensibilityGlobals) = postSolution
		SolutionGuid = {4F4C46E9-F12D-4B30-ADFA-0145BED7B510}
	EndGlobalSection
EndGlobal
